
Microsoft Visual Studio Solution File, Format Version 12.00
# Visual Studio Version 17
VisualStudioVersion = 17.11.35219.272
MinimumVisualStudioVersion = 10.0.40219.1
Project("{8BC9CEB8-8B4A-11D0-8D11-00A0C91BC942}") = "Homework_8", "Homework_8.vcxproj", "{F81504D9-C793-4D3E-8835-6BD38408C227}"
EndProject
Global
	GlobalSection(SolutionConfigurationPlatforms) = preSolution
		Debug|x64 = Debug|x64
		Debug|x86 = Debug|x86
		Release|x64 = Release|x64
		Release|x86 = Release|x86
	EndGlobalSection
	GlobalSection(ProjectConfigurationPlatforms) = postSolution
		{F81504D9-C793-4D3E-8835-6BD38408C227}.Debug|x64.ActiveCfg = Debug|x64
		{F81504D9-C793-4D3E-8835-6BD38408C227}.Debug|x64.Build.0 = Debug|x64
		{F81504D9-C793-4D3E-8835-6BD38408C227}.Debug|x86.ActiveCfg = Debug|Win32
		{F81504D9-C793-4D3E-8835-6BD38408C227}.Debug|x86.Build.0 = Debug|Win32
		{F81504D9-C793-4D3E-8835-6BD38408C227}.Release|x64.ActiveCfg = Release|x64
		{F81504D9-C793-4D3E-8835-6BD38408C227}.Release|x64.Build.0 = Release|x64
		{F81504D9-C793-4D3E-8835-6BD38408C227}.Release|x86.ActiveCfg = Release|Win32
		{F81504D9-C793-4D3E-8835-6BD38408C227}.Release|x86.Build.0 = Release|Win32
	EndGlobalSection
	GlobalSection(SolutionProperties) = preSolution
		HideSolutionNode = FALSE
	EndGlobalSection
	GlobalSection(ExtensibilityGlobals) = postSolution
		SolutionGuid = {41908E7A-8EC9-4C31-9F31-41B9A8FB6B6D}
	EndGlobalSection
EndGlobal
